lockfileVersion: 5.3

specifiers:
  '@sveltejs/vite-plugin-svelte': 1.0.0-next.23
  svelte: 3.42.5
  svelte-preprocess: 4.9.4
  typescript: 4.4.3
  vite: 2.5.6

devDependencies:
  '@sveltejs/vite-plugin-svelte': 1.0.0-next.23_svelte@3.42.5+vite@2.5.6
  svelte: 3.42.5
  svelte-preprocess: 4.9.4_svelte@3.42.5+typescript@4.4.3
  typescript: 4.4.3
  vite: 2.5.6

packages:

  /@rollup/pluginutils/4.1.1:
    resolution: {integrity: sha512-clDjivHqWGXi7u+0d2r2sBi4Ie6VLEAzWMIkvJLnDmxoOhBYOTfzGbOQBA32THHm11/LiJbd01tJUpJsbshSWQ==}
    engines: {node: '>= 8.0.0'}
    dependencies:
      estree-walker: 2.0.2
      picomatch: 2.3.0
    dev: true

  /@sveltejs/vite-plugin-svelte/1.0.0-next.23_svelte@3.42.5+vite@2.5.6:
    resolution: {integrity: sha512-zmguJ9OYYsvZUhzPA3ZeYana2qx/ORadI0LVjzDIuXEXcR7AKj9qJgGCWe5Wi2Z/xg9PsKMHTTCHgiiplphIYg==}
    engines: {node: ^12.20 || ^14.13.1 || >= 16}
    peerDependencies:
      diff-match-patch: ^1.0.5
      svelte: ^3.34.0
      vite: ^2.5.3
    peerDependenciesMeta:
      diff-match-patch:
        optional: true
    dependencies:
      '@rollup/pluginutils': 4.1.1
      debug: 4.3.2
      kleur: 4.1.4
      magic-string: 0.25.7
      require-relative: 0.8.7
      svelte: 3.42.5
      svelte-hmr: 0.14.7_svelte@3.42.5
      vite: 2.5.6
    transitivePeerDependencies:
      - supports-color
    dev: true

  /@types/node/16.9.1:
    resolution: {integrity: sha512-QpLcX9ZSsq3YYUUnD3nFDY8H7wctAhQj/TFKL8Ya8v5fMm3CFXxo8zStsLAl780ltoYoo1WvKUVGBQK+1ifr7g==}
    dev: true

  /@types/pug/2.0.5:
    resolution: {integrity: sha512-LOnASQoeNZMkzexRuyqcBBDZ6rS+rQxUMkmj5A0PkhhiSZivLIuz6Hxyr1mkGoEZEkk66faROmpMi4fFkrKsBA==}
    dev: true

  /@types/sass/1.16.1:
    resolution: {integrity: sha512-iZUcRrGuz/Tbg3loODpW7vrQJkUtpY2fFSf4ELqqkApcS2TkZ1msk7ie8iZPB86lDOP8QOTTmuvWjc5S0R9OjQ==}
    dependencies:
      '@types/node': 16.9.1
    dev: true

  /balanced-match/1.0.2:
    resolution: {integrity: sha512-3oSeUO0TMV67hN1AmbXsK4yaqU7tjiHlbxRDZOpH0KW9+CeX4bRAaX0Anxt0tx2MrpRpWwQaPwIlISEJhYU5Pw==}
    dev: true

  /brace-expansion/1.1.11:
    resolution: {integrity: sha512-iCuPHDFgrHX7H2vEI/5xpz07zSHB00TpugqhmYtVmMO6518mCuRMoOYFldEBl0g187ufozdaHgWKcYFb61qGiA==}
    dependencies:
      balanced-match: 1.0.2
      concat-map: 0.0.1
    dev: true

  /buffer-crc32/0.2.13:
    resolution: {integrity: sha1-DTM+PwDqxQqhRUq9MO+MKl2ackI=}
    dev: true

  /colorette/1.4.0:
    resolution: {integrity: sha512-Y2oEozpomLn7Q3HFP7dpww7AtMJplbM9lGZP6RDfHqmbeRjiwRg4n6VM6j4KLmRke85uWEI7JqF17f3pqdRA0g==}
    dev: true

  /concat-map/0.0.1:
    resolution: {integrity: sha1-2Klr13/Wjfd5OnMDajug1UBdR3s=}
    dev: true

  /debug/4.3.2:
    resolution: {integrity: sha512-mOp8wKcvj7XxC78zLgw/ZA+6TSgkoE2C/ienthhRD298T7UNwAg9diBpLRxC0mOezLl4B0xV7M0cCO6P/O0Xhw==}
    engines: {node: '>=6.0'}
    peerDependencies:
      supports-color: '*'
    peerDependenciesMeta:
      supports-color:
        optional: true
    dependencies:
      ms: 2.1.2
    dev: true

  /detect-indent/6.1.0:
    resolution: {integrity: sha512-reYkTUJAZb9gUuZ2RvVCNhVHdg62RHnJ7WJl8ftMi4diZ6NWlciOzQN88pUhSELEwflJht4oQDv0F0BMlwaYtA==}
    engines: {node: '>=8'}
    dev: true

  /es6-promise/3.3.1:
    resolution: {integrity: sha1-oIzd6EzNvzTQJ6FFG8kdS80ophM=}
    dev: true

  /esbuild/0.12.27:
    resolution: {integrity: sha512-G42siADcTdRU1qRBxhiIiVLG4gcEMyWV4CWfLBdSii+olCueZJHFRHc7EqQRnRvNkSQq88i0k1Oufw/YVueUWQ==}
    hasBin: true
    requiresBuild: true
    dev: true

  /estree-walker/2.0.2:
    resolution: {integrity: sha512-Rfkk/Mp/DL7JVje3u18FxFujQlTNR2q6QfMSMB7AvCBx91NGj/ba3kCfza0f6dVDbw7YlRf/nDrn7pQrCCyQ/w==}
    dev: true

  /fs.realpath/1.0.0:
    resolution: {integrity: sha1-FQStJSMVjKpA20onh8sBQRmU6k8=}
    dev: true

  /fsevents/2.3.2:
    resolution: {integrity: sha512-xiqMQR4xAeHTuB9uWm+fFRcIOgKBMiOBP+eXiyT7jsgVCq1bkVygt00oASowB7EdtpOHaaPgKt812P9ab+DDKA==}
    engines: {node: ^8.16.0 || ^10.6.0 || >=11.0.0}
    os: [darwin]
    dev: true
    optional: true

  /function-bind/1.1.1:
    resolution: {integrity: sha512-yIovAzMX49sF8Yl58fSCWJ5svSLuaibPxXQJFLmBObTuCr0Mf1KiPopGM9NiFjiYBCbfaa2Fh6breQ6ANVTI0A==}
    dev: true

  /glob/7.1.7:
    resolution: {integrity: sha512-OvD9ENzPLbegENnYP5UUfJIirTg4+XwMWGaQfQTY0JenxNvvIKP3U3/tAQSPIu/lHxXYSZmpXlUHeqAIdKzBLQ==}
    dependencies:
      fs.realpath: 1.0.0
      inflight: 1.0.6
      inherits: 2.0.4
      minimatch: 3.0.4
      once: 1.4.0
      path-is-absolute: 1.0.1
    dev: true

  /graceful-fs/4.2.8:
    resolution: {integrity: sha512-qkIilPUYcNhJpd33n0GBXTB1MMPp14TxEsEs0pTrsSVucApsYzW5V+Q8Qxhik6KU3evy+qkAAowTByymK0avdg==}
    dev: true

  /has/1.0.3:
    resolution: {integrity: sha512-f2dvO0VU6Oej7RkWJGrehjbzMAjFp5/VKPp5tTpWIV4JHHZK1/BxbFRtf/siA2SWTe09caDmVtYYzWEIbBS4zw==}
    engines: {node: '>= 0.4.0'}
    dependencies:
      function-bind: 1.1.1
    dev: true

  /inflight/1.0.6:
    resolution: {integrity: sha1-Sb1jMdfQLQwJvJEKEHW6gWW1bfk=}
    dependencies:
      once: 1.4.0
      wrappy: 1.0.2
    dev: true

  /inherits/2.0.4:
    resolution: {integrity: sha512-k/vGaX4/Yla3WzyMCvTQOXYeIHvqOKtnqBduzTHpzpQZzAskKMhZ2K+EnBiSM9zGSoIFeMpXKxa4dYeZIQqewQ==}
    dev: true

  /is-core-module/2.6.0:
    resolution: {integrity: sha512-wShG8vs60jKfPWpF2KZRaAtvt3a20OAn7+IJ6hLPECpSABLcKtFKTTI4ZtH5QcBruBHlq+WsdHWyz0BCZW7svQ==}
    dependencies:
      has: 1.0.3
    dev: true

  /kleur/4.1.4:
    resolution: {integrity: sha512-8QADVssbrFjivHWQU7KkMgptGTl6WAcSdlbBPY4uNF+mWr6DGcKrvY2w4FQJoXch7+fKMjj0dRrL75vk3k23OA==}
    engines: {node: '>=6'}
    dev: true

  /magic-string/0.25.7:
    resolution: {integrity: sha512-4CrMT5DOHTDk4HYDlzmwu4FVCcIYI8gauveasrdCu2IKIFOJ3f0v/8MDGJCDL9oD2ppz/Av1b0Nj345H9M+XIA==}
    dependencies:
      sourcemap-codec: 1.4.8
    dev: true

  /min-indent/1.0.1:
    resolution: {integrity: sha512-I9jwMn07Sy/IwOj3zVkVik2JTvgpaykDZEigL6Rx6N9LbMywwUSMtxET+7lVoDLLd3O3IXwJwvuuns8UB/HeAg==}
    engines: {node: '>=4'}
    dev: true

  /minimatch/3.0.4:
    resolution: {integrity: sha512-yJHVQEhyqPLUTgt9B83PXu6W3rx4MvvHvSUvToogpwoGDOUQ+yDrR0HRot+yOCdCO7u4hX3pWft6kWBBcqh0UA==}
    dependencies:
      brace-expansion: 1.1.11
    dev: true

  /minimist/1.2.5:
    resolution: {integrity: sha512-FM9nNUYrRBAELZQT3xeZQ7fmMOBg6nWNmJKTcgsJeaLstP/UODVpGsr5OhXhhXg6f+qtJ8uiZ+PUxkDWcgIXLw==}
    dev: true

  /mkdirp/0.5.5:
    resolution: {integrity: sha512-NKmAlESf6jMGym1++R0Ra7wvhV+wFW63FaSOFPwRahvea0gMUcGUhVeAg/0BC0wiv9ih5NYPB1Wn1UEI1/L+xQ==}
    hasBin: true
    dependencies:
      minimist: 1.2.5
    dev: true

  /ms/2.1.2:
    resolution: {integrity: sha512-sGkPx+VjMtmA6MX27oA4FBFELFCZZ4S4XqeGOXCv68tT+jb3vk/RyaKWP0PTKyWtmLSM0b+adUTEvbs1PEaH2w==}
    dev: true

  /nanoid/3.1.25:
    resolution: {integrity: sha512-rdwtIXaXCLFAQbnfqDRnI6jaRHp9fTcYBjtFKE8eezcZ7LuLjhUaQGNeMXf1HmRoCH32CLz6XwX0TtxEOS/A3Q==}
    engines: {node: ^10 || ^12 || ^13.7 || ^14 || >=15.0.1}
    hasBin: true
    dev: true

  /once/1.4.0:
    resolution: {integrity: sha1-WDsap3WWHUsROsF9nFC6753Xa9E=}
    dependencies:
      wrappy: 1.0.2
    dev: true

  /path-is-absolute/1.0.1:
    resolution: {integrity: sha1-F0uSaHNVNP+8es5r9TpanhtcX18=}
    engines: {node: '>=0.10.0'}
    dev: true

  /path-parse/1.0.7:
    resolution: {integrity: sha512-LDJzPVEEEPR+y48z93A0Ed0yXb8pAByGWo/k5YYdYgpY2/2EsOsksJrq7lOHxryrVOn1ejG6oAp8ahvOIQD8sw==}
    dev: true

  /picomatch/2.3.0:
    resolution: {integrity: sha512-lY1Q/PiJGC2zOv/z391WOTD+Z02bCgsFfvxoXXf6h7kv9o+WmsmzYqrAwY63sNgOxE4xEdq0WyUnXfKeBrSvYw==}
    engines: {node: '>=8.6'}
    dev: true

  /postcss/8.3.6:
    resolution: {integrity: sha512-wG1cc/JhRgdqB6WHEuyLTedf3KIRuD0hG6ldkFEZNCjRxiC+3i6kkWUUbiJQayP28iwG35cEmAbe98585BYV0A==}
    engines: {node: ^10 || ^12 || >=14}
    dependencies:
      colorette: 1.4.0
      nanoid: 3.1.25
      source-map-js: 0.6.2
    dev: true

  /require-relative/0.8.7:
    resolution: {integrity: sha1-eZlTn8ngR6N5KPoZb44VY9q9Nt4=}
    dev: true

  /resolve/1.20.0:
    resolution: {integrity: sha512-wENBPt4ySzg4ybFQW2TT1zMQucPK95HSh/nq2CFTZVOGut2+pQvSsgtda4d26YrYcr067wjbmzOG8byDPBX63A==}
    dependencies:
      is-core-module: 2.6.0
      path-parse: 1.0.7
    dev: true

  /rimraf/2.7.1:
    resolution: {integrity: sha512-uWjbaKIK3T1OSVptzX7Nl6PvQ3qAGtKEtVRjRuazjfL3Bx5eI409VZSqgND+4UNnmzLVdPj9FqFJNPqBZFve4w==}
    hasBin: true
    dependencies:
      glob: 7.1.7
    dev: true

  /rollup/2.56.3:
    resolution: {integrity: sha512-Au92NuznFklgQCUcV96iXlxUbHuB1vQMaH76DHl5M11TotjOHwqk9CwcrT78+Tnv4FN9uTBxq6p4EJoYkpyekg==}
    engines: {node: '>=10.0.0'}
    hasBin: true
    optionalDependencies:
      fsevents: 2.3.2
    dev: true

  /sander/0.5.1:
    resolution: {integrity: sha1-dB4kXiMfB8r7b98PEzrfohalAq0=}
    dependencies:
      es6-promise: 3.3.1
      graceful-fs: 4.2.8
      mkdirp: 0.5.5
      rimraf: 2.7.1
    dev: true

  /sorcery/0.10.0:
    resolution: {integrity: sha1-iukK19fLBfxZ8asMY3hF1cFaUrc=}
    hasBin: true
    dependencies:
      buffer-crc32: 0.2.13
      minimist: 1.2.5
      sander: 0.5.1
      sourcemap-codec: 1.4.8
    dev: true

  /source-map-js/0.6.2:
    resolution: {integrity: sha512-/3GptzWzu0+0MBQFrDKzw/DvvMTUORvgY6k6jd/VS6iCR4RDTKWH6v6WPwQoUO8667uQEf9Oe38DxAYWY5F/Ug==}
    engines: {node: '>=0.10.0'}
    dev: true

  /sourcemap-codec/1.4.8:
    resolution: {integrity: sha512-9NykojV5Uih4lgo5So5dtw+f0JgJX30KCNI8gwhz2J9A15wD0Ml6tjHKwf6fTSa6fAdVBdZeNOs9eJ71qCk8vA==}
    dev: true

  /strip-indent/3.0.0:
    resolution: {integrity: sha512-laJTa3Jb+VQpaC6DseHhF7dXVqHTfJPCRDaEbid/drOhgitgYku/letMUqOXFoWV0zIIUbjpdH2t+tYj4bQMRQ==}
    engines: {node: '>=8'}
    dependencies:
      min-indent: 1.0.1
    dev: true

  /svelte-hmr/0.14.7_svelte@3.42.5:
    resolution: {integrity: sha512-pDrzgcWSoMaK6AJkBWkmgIsecW0GChxYZSZieIYfCP0v2oPyx2CYU/zm7TBIcjLVUPP714WxmViE9Thht4etog==}
    peerDependencies:
      svelte: '>=3.19.0'
    dependencies:
      svelte: 3.42.5
    dev: true

  /svelte-preprocess/4.9.4_svelte@3.42.5+typescript@4.4.3:
    resolution: {integrity: sha512-Z0mUQBGtE+ZZSv/HerRSHe7ukJokxjiPeHe7iPOIXseEoRw51H3K/Vh6OMIMstetzZ11vWO9rCsXSD/uUUArmA==}
    engines: {node: '>= 9.11.2'}
    requiresBuild: true
    peerDependencies:
      '@babel/core': ^7.10.2
      coffeescript: ^2.5.1
      less: ^3.11.3
      node-sass: '*'
      postcss: ^7 || ^8
      postcss-load-config: ^2.1.0 || ^3.0.0
      pug: ^3.0.0
      sass: ^1.26.8
      stylus: ^0.54.7
      sugarss: ^2.0.0
      svelte: ^3.23.0
      typescript: ^3.9.5 || ^4.0.0
    peerDependenciesMeta:
      '@babel/core':
        optional: true
      coffeescript:
        optional: true
      less:
        optional: true
      node-sass:
        optional: true
      postcss:
        optional: true
      postcss-load-config:
        optional: true
      pug:
        optional: true
      sass:
        optional: true
      stylus:
        optional: true
      sugarss:
        optional: true
      typescript:
        optional: true
    dependencies:
      '@types/pug': 2.0.5
      '@types/sass': 1.16.1
      detect-indent: 6.1.0
      magic-string: 0.25.7
      sorcery: 0.10.0
      strip-indent: 3.0.0
      svelte: 3.42.5
      typescript: 4.4.3
    dev: true

  /svelte/3.42.5:
    resolution: {integrity: sha512-+y9ivcwMojAb0e87W7vR/UP7go44zc/3gtEciIMb8CUoIkUx6UJmPloBvVuO9MDXoGkUZM5SHr5PbLze9fJQVw==}
    engines: {node: '>= 8'}
    dev: true

  /typescript/4.4.3:
    resolution: {integrity: sha512-4xfscpisVgqqDfPaJo5vkd+Qd/ItkoagnHpufr+i2QCHBsNYp+G7UAoyFl8aPtx879u38wPV65rZ8qbGZijalA==}
    engines: {node: '>=4.2.0'}
    hasBin: true
    dev: true

  /vite/2.5.6:
    resolution: {integrity: sha512-P++qzXuOPhTql8iDamsatlJfD7/yGi8NCNwzyqkB2p0jrNJC567WEdXiKn3hQ+ZV8amQmB2dTH6svo3Z2tJ6MQ==}
    engines: {node: '>=12.2.0'}
    hasBin: true
    dependencies:
      esbuild: 0.12.27
      postcss: 8.3.6
      resolve: 1.20.0
      rollup: 2.56.3
    optionalDependencies:
      fsevents: 2.3.2
    dev: true

  /wrappy/1.0.2:
    resolution: {integrity: sha1-tSQ9jz7BqjXxNkYFvA0QNuMKtp8=}
    dev: true
